
Microsoft Visual Studio Solution File, Format Version 12.00
# Visual Studio Version 16
VisualStudioVersion = 16.0.30711.63
MinimumVisualStudioVersion = 10.0.40219.1
Project("{9A19103F-16F7-4668-BE54-9A1E7A4F7556}") = "YiSha.Web", "YiSha.Web\YiSha.Web.csproj", "{C06C8322-D07D-49CA-A165-EF40D817155B}"
EndProject
Project("{2150E333-8FDC-42A3-9474-1A3956D46DE8}") = "01 Framework 基础设施层", "01 Framework 基础设施层", "{19D270BF-4108-4CFC-A94F-35653E8806ED}"
EndProject
Project("{9A19103F-16F7-4668-BE54-9A1E7A4F7556}") = "YiSha.Util", "YiSha.Util\YiSha.Util.csproj", "{83995274-F85C-4E03-B07D-3F2F669622A5}"
EndProject
Project("{2150E333-8FDC-42A3-9474-1A3956D46DE8}") = "03 Entity 实体层", "03 Entity 实体层", "{B1193E14-A41D-4FCA-BA89-F473EBFD7C15}"
EndProject
Project("{9A19103F-16F7-4668-BE54-9A1E7A4F7556}") = "YiSha.Enum", "YiSha.Enum\YiSha.Enum.csproj", "{649626D4-A381-429E-8EC8-44449ED8C1F1}"
EndProject
Project("{9A19103F-16F7-4668-BE54-9A1E7A4F7556}") = "YiSha.CodeGenerator", "YiSha.CodeGenerator\YiSha.CodeGenerator.csproj", "{13199562-6C13-4C72-B7AD-02F39CB1D4C7}"
EndProject
Project("{2150E333-8FDC-42A3-9474-1A3956D46DE8}") = "02 DataAccess 数据库核心层", "02 DataAccess 数据库核心层", "{D7272225-5731-455F-BDFD-A7CD5D35A2BE}"
EndProject
Project("{9A19103F-16F7-4668-BE54-9A1E7A4F7556}") = "YiSha.Data", "YiSha.Data\YiSha.Data.csproj", "{54A9EA6C-CCD3-4C20-9309-7CB0D81DF452}"
EndProject
Project("{2150E333-8FDC-42A3-9474-1A3956D46DE8}") = "04 Service 数据服务层", "04 Service 数据服务层", "{6257E6C7-42DB-4A0B-AB46-F19DF98A0E87}"
EndProject
Project("{2150E333-8FDC-42A3-9474-1A3956D46DE8}") = "05 Business 业务层", "05 Business 业务层", "{3B14D7DA-6E41-428D-9916-1BBD4924F180}"
EndProject
Project("{9A19103F-16F7-4668-BE54-9A1E7A4F7556}") = "YiSha.IService", "YiSha.IService\YiSha.IService.csproj", "{42615CE6-F53B-47A5-98DD-4E425865AD69}"
EndProject
Project("{9A19103F-16F7-4668-BE54-9A1E7A4F7556}") = "YiSha.Model", "YiSha.Model\YiSha.Model.csproj", "{611C522B-D7B4-491B-8AC3-A6F1A9589CAE}"
EndProject
Project("{9A19103F-16F7-4668-BE54-9A1E7A4F7556}") = "YiSha.Entity", "YiSha.Entity\YiSha.Entity.csproj", "{2F040248-7FFA-4B29-8751-34EEAAF9455F}"
EndProject
Project("{9A19103F-16F7-4668-BE54-9A1E7A4F7556}") = "YiSha.IBusiness", "YiSha.IBusiness\YiSha.IBusiness.csproj", "{EB19E6A7-D8B0-44B0-B5AC-47E8D67B8E32}"
EndProject
Project("{9A19103F-16F7-4668-BE54-9A1E7A4F7556}") = "YiSha.Business", "YiSha.Business\YiSha.Business.csproj", "{0031C839-3B06-48B8-8910-391ACEDFB82A}"
EndProject
Project("{2150E333-8FDC-42A3-9474-1A3956D46DE8}") = "06 Job 任务调度", "06 Job 任务调度", "{92FED907-E815-46A1-8502-E0B572F80AB9}"
EndProject
Project("{2150E333-8FDC-42A3-9474-1A3956D46DE8}") = "07 Web 应用层", "07 Web 应用层", "{E2133AFD-65C0-4ED6-9D1D-ED89E9F71F90}"
EndProject
Project("{9A19103F-16F7-4668-BE54-9A1E7A4F7556}") = "YiSha.WebApi", "YiSha.WebApi\YiSha.WebApi.csproj", "{D23ABA83-2DDE-4062-B9FA-4C1EC564D6DC}"
EndProject
Project("{9A19103F-16F7-4668-BE54-9A1E7A4F7556}") = "YiSha.Cache", "YiSha.Cache\YiSha.Cache.csproj", "{9CAEEB9C-2FB3-4EBB-B26B-BF8B28DDE0EA}"
EndProject
Project("{2150E333-8FDC-42A3-9474-1A3956D46DE8}") = "Solution Items", "Solution Items", "{C0034BC0-F6BA-43AD-A56A-17749B504C36}"
	ProjectSection(SolutionItems) = preProject
		.editorconfig = .editorconfig
	EndProjectSection
EndProject
Project("{9A19103F-16F7-4668-BE54-9A1E7A4F7556}") = "YiSha.EntityListener", "YiSha.EntityListener\YiSha.EntityListener.csproj", "{3C5BF3EA-8DBA-4EE4-9E50-85B06BDF000D}"
EndProject
Project("{FAE04EC0-301F-11D3-BF4B-00C04F79EFBC}") = "YiSha.Mqtt", "YiSha.Mqtt\YiSha.Mqtt.csproj", "{C3C27A13-258C-453E-A8C2-3FC50191AEC6}"
EndProject
Project("{FAE04EC0-301F-11D3-BF4B-00C04F79EFBC}") = "YiSha.Database.Migrations", "YiSha.Database.Migrations\YiSha.Database.Migrations.csproj", "{14452858-6E35-4478-AE1F-E9428657207B}"
EndProject
Project("{FAE04EC0-301F-11D3-BF4B-00C04F79EFBC}") = "YiSha.Service", "YiSha.Services\YiSha.Service.csproj", "{4F4054C6-E508-4CD5-98B3-A56A9EC66611}"
EndProject
Global
	GlobalSection(SolutionConfigurationPlatforms) = preSolution
		Debug|Any CPU = Debug|Any CPU
		Release|Any CPU = Release|Any CPU
	EndGlobalSection
	GlobalSection(ProjectConfigurationPlatforms) = postSolution
		{C06C8322-D07D-49CA-A165-EF40D817155B}.Debug|Any CPU.ActiveCfg = Debug|Any CPU
		{C06C8322-D07D-49CA-A165-EF40D817155B}.Debug|Any CPU.Build.0 = Debug|Any CPU
		{C06C8322-D07D-49CA-A165-EF40D817155B}.Release|Any CPU.ActiveCfg = Release|Any CPU
		{C06C8322-D07D-49CA-A165-EF40D817155B}.Release|Any CPU.Build.0 = Release|Any CPU
		{83995274-F85C-4E03-B07D-3F2F669622A5}.Debug|Any CPU.ActiveCfg = Debug|Any CPU
		{83995274-F85C-4E03-B07D-3F2F669622A5}.Debug|Any CPU.Build.0 = Debug|Any CPU
		{83995274-F85C-4E03-B07D-3F2F669622A5}.Release|Any CPU.ActiveCfg = Release|Any CPU
		{83995274-F85C-4E03-B07D-3F2F669622A5}.Release|Any CPU.Build.0 = Release|Any CPU
		{649626D4-A381-429E-8EC8-44449ED8C1F1}.Debug|Any CPU.ActiveCfg = Debug|Any CPU
		{649626D4-A381-429E-8EC8-44449ED8C1F1}.Debug|Any CPU.Build.0 = Debug|Any CPU
		{649626D4-A381-429E-8EC8-44449ED8C1F1}.Release|Any CPU.ActiveCfg = Release|Any CPU
		{649626D4-A381-429E-8EC8-44449ED8C1F1}.Release|Any CPU.Build.0 = Release|Any CPU
		{13199562-6C13-4C72-B7AD-02F39CB1D4C7}.Debug|Any CPU.ActiveCfg = Debug|Any CPU
		{13199562-6C13-4C72-B7AD-02F39CB1D4C7}.Debug|Any CPU.Build.0 = Debug|Any CPU
		{13199562-6C13-4C72-B7AD-02F39CB1D4C7}.Release|Any CPU.ActiveCfg = Release|Any CPU
		{13199562-6C13-4C72-B7AD-02F39CB1D4C7}.Release|Any CPU.Build.0 = Release|Any CPU
		{54A9EA6C-CCD3-4C20-9309-7CB0D81DF452}.Debug|Any CPU.ActiveCfg = Debug|Any CPU
		{54A9EA6C-CCD3-4C20-9309-7CB0D81DF452}.Debug|Any CPU.Build.0 = Debug|Any CPU
		{54A9EA6C-CCD3-4C20-9309-7CB0D81DF452}.Release|Any CPU.ActiveCfg = Release|Any CPU
		{54A9EA6C-CCD3-4C20-9309-7CB0D81DF452}.Release|Any CPU.Build.0 = Release|Any CPU
		{42615CE6-F53B-47A5-98DD-4E425865AD69}.Debug|Any CPU.ActiveCfg = Debug|Any CPU
		{42615CE6-F53B-47A5-98DD-4E425865AD69}.Debug|Any CPU.Build.0 = Debug|Any CPU
		{42615CE6-F53B-47A5-98DD-4E425865AD69}.Release|Any CPU.ActiveCfg = Release|Any CPU
		{42615CE6-F53B-47A5-98DD-4E425865AD69}.Release|Any CPU.Build.0 = Release|Any CPU
		{611C522B-D7B4-491B-8AC3-A6F1A9589CAE}.Debug|Any CPU.ActiveCfg = Debug|Any CPU
		{611C522B-D7B4-491B-8AC3-A6F1A9589CAE}.Debug|Any CPU.Build.0 = Debug|Any CPU
		{611C522B-D7B4-491B-8AC3-A6F1A9589CAE}.Release|Any CPU.ActiveCfg = Release|Any CPU
		{611C522B-D7B4-491B-8AC3-A6F1A9589CAE}.Release|Any CPU.Build.0 = Release|Any CPU
		{2F040248-7FFA-4B29-8751-34EEAAF9455F}.Debug|Any CPU.ActiveCfg = Debug|Any CPU
		{2F040248-7FFA-4B29-8751-34EEAAF9455F}.Debug|Any CPU.Build.0 = Debug|Any CPU
		{2F040248-7FFA-4B29-8751-34EEAAF9455F}.Release|Any CPU.ActiveCfg = Release|Any CPU
		{2F040248-7FFA-4B29-8751-34EEAAF9455F}.Release|Any CPU.Build.0 = Release|Any CPU
		{EB19E6A7-D8B0-44B0-B5AC-47E8D67B8E32}.Debug|Any CPU.ActiveCfg = Debug|Any CPU
		{EB19E6A7-D8B0-44B0-B5AC-47E8D67B8E32}.Debug|Any CPU.Build.0 = Debug|Any CPU
		{EB19E6A7-D8B0-44B0-B5AC-47E8D67B8E32}.Release|Any CPU.ActiveCfg = Release|Any CPU
		{EB19E6A7-D8B0-44B0-B5AC-47E8D67B8E32}.Release|Any CPU.Build.0 = Release|Any CPU
		{0031C839-3B06-48B8-8910-391ACEDFB82A}.Debug|Any CPU.ActiveCfg = Debug|Any CPU
		{0031C839-3B06-48B8-8910-391ACEDFB82A}.Debug|Any CPU.Build.0 = Debug|Any CPU
		{0031C839-3B06-48B8-8910-391ACEDFB82A}.Release|Any CPU.ActiveCfg = Release|Any CPU
		{0031C839-3B06-48B8-8910-391ACEDFB82A}.Release|Any CPU.Build.0 = Release|Any CPU
		{D23ABA83-2DDE-4062-B9FA-4C1EC564D6DC}.Debug|Any CPU.ActiveCfg = Debug|Any CPU
		{D23ABA83-2DDE-4062-B9FA-4C1EC564D6DC}.Debug|Any CPU.Build.0 = Debug|Any CPU
		{D23ABA83-2DDE-4062-B9FA-4C1EC564D6DC}.Release|Any CPU.ActiveCfg = Release|Any CPU
		{D23ABA83-2DDE-4062-B9FA-4C1EC564D6DC}.Release|Any CPU.Build.0 = Release|Any CPU
		{9CAEEB9C-2FB3-4EBB-B26B-BF8B28DDE0EA}.Debug|Any CPU.ActiveCfg = Debug|Any CPU
		{9CAEEB9C-2FB3-4EBB-B26B-BF8B28DDE0EA}.Debug|Any CPU.Build.0 = Debug|Any CPU
		{9CAEEB9C-2FB3-4EBB-B26B-BF8B28DDE0EA}.Release|Any CPU.ActiveCfg = Release|Any CPU
		{9CAEEB9C-2FB3-4EBB-B26B-BF8B28DDE0EA}.Release|Any CPU.Build.0 = Release|Any CPU
		{3C5BF3EA-8DBA-4EE4-9E50-85B06BDF000D}.Debug|Any CPU.ActiveCfg = Debug|Any CPU
		{3C5BF3EA-8DBA-4EE4-9E50-85B06BDF000D}.Debug|Any CPU.Build.0 = Debug|Any CPU
		{3C5BF3EA-8DBA-4EE4-9E50-85B06BDF000D}.Release|Any CPU.ActiveCfg = Release|Any CPU
		{3C5BF3EA-8DBA-4EE4-9E50-85B06BDF000D}.Release|Any CPU.Build.0 = Release|Any CPU
		{C3C27A13-258C-453E-A8C2-3FC50191AEC6}.Debug|Any CPU.ActiveCfg = Debug|Any CPU
		{C3C27A13-258C-453E-A8C2-3FC50191AEC6}.Debug|Any CPU.Build.0 = Debug|Any CPU
		{C3C27A13-258C-453E-A8C2-3FC50191AEC6}.Release|Any CPU.ActiveCfg = Release|Any CPU
		{C3C27A13-258C-453E-A8C2-3FC50191AEC6}.Release|Any CPU.Build.0 = Release|Any CPU
		{14452858-6E35-4478-AE1F-E9428657207B}.Debug|Any CPU.ActiveCfg = Debug|Any CPU
		{14452858-6E35-4478-AE1F-E9428657207B}.Debug|Any CPU.Build.0 = Debug|Any CPU
		{14452858-6E35-4478-AE1F-E9428657207B}.Release|Any CPU.ActiveCfg = Release|Any CPU
		{14452858-6E35-4478-AE1F-E9428657207B}.Release|Any CPU.Build.0 = Release|Any CPU
		{4F4054C6-E508-4CD5-98B3-A56A9EC66611}.Debug|Any CPU.ActiveCfg = Debug|Any CPU
		{4F4054C6-E508-4CD5-98B3-A56A9EC66611}.Debug|Any CPU.Build.0 = Debug|Any CPU
		{4F4054C6-E508-4CD5-98B3-A56A9EC66611}.Release|Any CPU.ActiveCfg = Release|Any CPU
		{4F4054C6-E508-4CD5-98B3-A56A9EC66611}.Release|Any CPU.Build.0 = Release|Any CPU
	EndGlobalSection
	GlobalSection(SolutionProperties) = preSolution
		HideSolutionNode = FALSE
	EndGlobalSection
	GlobalSection(NestedProjects) = preSolution
		{C06C8322-D07D-49CA-A165-EF40D817155B} = {E2133AFD-65C0-4ED6-9D1D-ED89E9F71F90}
		{83995274-F85C-4E03-B07D-3F2F669622A5} = {19D270BF-4108-4CFC-A94F-35653E8806ED}
		{649626D4-A381-429E-8EC8-44449ED8C1F1} = {B1193E14-A41D-4FCA-BA89-F473EBFD7C15}
		{13199562-6C13-4C72-B7AD-02F39CB1D4C7} = {19D270BF-4108-4CFC-A94F-35653E8806ED}
		{54A9EA6C-CCD3-4C20-9309-7CB0D81DF452} = {D7272225-5731-455F-BDFD-A7CD5D35A2BE}
		{42615CE6-F53B-47A5-98DD-4E425865AD69} = {6257E6C7-42DB-4A0B-AB46-F19DF98A0E87}
		{611C522B-D7B4-491B-8AC3-A6F1A9589CAE} = {B1193E14-A41D-4FCA-BA89-F473EBFD7C15}
		{2F040248-7FFA-4B29-8751-34EEAAF9455F} = {B1193E14-A41D-4FCA-BA89-F473EBFD7C15}
		{EB19E6A7-D8B0-44B0-B5AC-47E8D67B8E32} = {3B14D7DA-6E41-428D-9916-1BBD4924F180}
		{0031C839-3B06-48B8-8910-391ACEDFB82A} = {3B14D7DA-6E41-428D-9916-1BBD4924F180}
		{D23ABA83-2DDE-4062-B9FA-4C1EC564D6DC} = {E2133AFD-65C0-4ED6-9D1D-ED89E9F71F90}
		{9CAEEB9C-2FB3-4EBB-B26B-BF8B28DDE0EA} = {6257E6C7-42DB-4A0B-AB46-F19DF98A0E87}
		{3C5BF3EA-8DBA-4EE4-9E50-85B06BDF000D} = {6257E6C7-42DB-4A0B-AB46-F19DF98A0E87}
		{C3C27A13-258C-453E-A8C2-3FC50191AEC6} = {92FED907-E815-46A1-8502-E0B572F80AB9}
		{14452858-6E35-4478-AE1F-E9428657207B} = {B1193E14-A41D-4FCA-BA89-F473EBFD7C15}
		{4F4054C6-E508-4CD5-98B3-A56A9EC66611} = {6257E6C7-42DB-4A0B-AB46-F19DF98A0E87}
	EndGlobalSection
	GlobalSection(ExtensibilityGlobals) = postSolution
		SolutionGuid = {CE2FDAF5-F161-4FE9-8D80-4DA7ABFB350B}
	EndGlobalSection
EndGlobal
